
Microsoft Visual Studio Solution File, Format Version 12.00
# Visual Studio Version 17
VisualStudioVersion = 17.0.31903.59
MinimumVisualStudioVersion = 10.0.40219.1
Project("{FAE04EC0-301F-11D3-BF4B-00C04F79EFBC}") = "SecurityRequirementTesting.Application", "SecurityRequirementTesting.Application\SecurityRequirementTesting.Application.csproj", "{FD10478A-7237-4BE9-8976-F06F92F071EC}"
EndProject
Global
	GlobalSection(SolutionConfigurationPlatforms) = preSolution
		Debug|Any CPU = Debug|Any CPU
		Release|Any CPU = Release|Any CPU
	EndGlobalSection
	GlobalSection(SolutionProperties) = preSolution
		HideSolutionNode = FALSE
	EndGlobalSection
	GlobalSection(ProjectConfigurationPlatforms) = postSolution
		{FD10478A-7237-4BE9-8976-F06F92F071EC}.Debug|Any CPU.ActiveCfg = Debug|Any CPU
		{FD10478A-7237-4BE9-8976-F06F92F071EC}.Debug|Any CPU.Build.0 = Debug|Any CPU
		{FD10478A-7237-4BE9-8976-F06F92F071EC}.Release|Any CPU.ActiveCfg = Release|Any CPU
		{FD10478A-7237-4BE9-8976-F06F92F071EC}.Release|Any CPU.Build.0 = Release|Any CPU
	EndGlobalSection
EndGlobal
